
Microsoft Visual Studio Solution File, Format Version 12.00
# Visual Studio Version 17
VisualStudioVersion = 17.2.32516.85
MinimumVisualStudioVersion = 10.0.40219.1
Project("{FAE04EC0-301F-11D3-BF4B-00C04F79EFBC}") = "Recursivitat3rParte", "Recursivitat3rParte\Recursivitat3rParte.csproj", "{83D8D8DD-B101-4A46-B122-645DEB97F97E}"
EndProject
Global
	GlobalSection(SolutionConfigurationPlatforms) = preSolution
		Debug|Any CPU = Debug|Any CPU
		Release|Any CPU = Release|Any CPU
	EndGlobalSection
	GlobalSection(ProjectConfigurationPlatforms) = postSolution
		{83D8D8DD-B101-4A46-B122-645DEB97F97E}.Debug|Any CPU.ActiveCfg = Debug|Any CPU
		{83D8D8DD-B101-4A46-B122-645DEB97F97E}.Debug|Any CPU.Build.0 = Debug|Any CPU
		{83D8D8DD-B101-4A46-B122-645DEB97F97E}.Release|Any CPU.ActiveCfg = Release|Any CPU
		{83D8D8DD-B101-4A46-B122-645DEB97F97E}.Release|Any CPU.Build.0 = Release|Any CPU
	EndGlobalSection
	GlobalSection(SolutionProperties) = preSolution
		HideSolutionNode = FALSE
	EndGlobalSection
	GlobalSection(ExtensibilityGlobals) = postSolution
		SolutionGuid = {6BA85EE1-3CBA-4A3A-9E28-430C91B68007}
	EndGlobalSection
EndGlobal
